// !$*UTF8*$!
{
	archiveVersion = 1;
	classes = {
	};
	objectVersion = 50;
	objects = {

/* Begin PBXBuildFile section */
		D2AE0CC9259BDC2D008CD2A3 /* Tests_iOS.swift in Sources */ = {isa = PBXBuildFile; fileRef = D2AE0CC8259BDC2D008CD2A3 /* Tests_iOS.swift */; };
		D2AE0CD4259BDC2D008CD2A3 /* Tests_macOS.swift in Sources */ = {isa = PBXBuildFile; fileRef = D2AE0CD3259BDC2D008CD2A3 /* Tests_macOS.swift */; };
		D2AE0CD6259BDC2D008CD2A3 /* cos_x_App.swift in Sources */ = {isa = PBXBuildFile; fileRef = D2AE0CAD259BDC27008CD2A3 /* cos_x_App.swift */; };
		D2AE0CD7259BDC2D008CD2A3 /* cos_x_App.swift in Sources */ = {isa = PBXBuildFile; fileRef = D2AE0CAD259BDC27008CD2A3 /* cos_x_App.swift */; };
		D2AE0CD8259BDC2D008CD2A3 /* ContentView.swift in Sources */ = {isa = PBXBuildFile; fileRef = D2AE0CAE259BDC27008CD2A3 /* ContentView.swift */; };
		D2AE0CD9259BDC2D008CD2A3 /* ContentView.swift in Sources */ = {isa = PBXBuildFile; fileRef = D2AE0CAE259BDC27008CD2A3 /* ContentView.swift */; };
		D2AE0CDA259BDC2D008CD2A3 /* Assets.xcassets in Resources */ = {isa = PBXBuildFile; fileRef = D2AE0CAF259BDC2D008CD2A3 /* Assets.xcassets */; };
		D2AE0CDB259BDC2D008CD2A3 /* Assets.xcassets in Resources */ = {isa = PBXBuildFile; fileRef = D2AE0CAF259BDC2D008CD2A3 /* Assets.xcassets */; };
/* End PBXBuildFile section */

/* Begin PBXContainerItemProxy section */
		D2AE0CC5259BDC2D008CD2A3 /* PBXContainerItemProxy */ = {
			isa = PBXContainerItemProxy;
			containerPortal = D2AE0CA8259BDC27008CD2A3 /* Project object */;
			proxyType = 1;
			remoteGlobalIDString = D2AE0CB3259BDC2D008CD2A3;
			remoteInfo = "cos(x) (iOS)";
		};
		D2AE0CD0259BDC2D008CD2A3 /* PBXContainerItemProxy */ = {
			isa = PBXContainerItemProxy;
			containerPortal = D2AE0CA8259BDC27008CD2A3 /* Project object */;
			proxyType = 1;
			remoteGlobalIDString = D2AE0CBB259BDC2D008CD2A3;
			remoteInfo = "cos(x) (macOS)";
		};
/* End PBXContainerItemProxy section */

/* Begin PBXFileReference section */
		D2AE0CAD259BDC27008CD2A3 /* cos_x_App.swift */ = {isa = PBXFileReference; lastKnownFileType = sourcecode.swift; path = cos_x_App.swift; sourceTree = "<group>"; };
		D2AE0CAE259BDC27008CD2A3 /* ContentView.swift */ = {isa = PBXFileReference; lastKnownFileType = sourcecode.swift; path = ContentView.swift; sourceTree = "<group>"; };
		D2AE0CAF259BDC2D008CD2A3 /* Assets.xcassets */ = {isa = PBXFileReference; lastKnownFileType = folder.assetcatalog; path = Assets.xcassets; sourceTree = "<group>"; };
		D2AE0CB4259BDC2D008CD2A3 /* cos(x).app */ = {isa = PBXFileReference; explicitFileType = wrapper.application; includeInIndex = 0; path = "cos(x).app"; sourceTree = BUILT_PRODUCTS_DIR; };
		D2AE0CB7259BDC2D008CD2A3 /* Info.plist */ = {isa = PBXFileReference; lastKnownFileType = text.plist.xml; path = Info.plist; sourceTree = "<group>"; };
		D2AE0CBC259BDC2D008CD2A3 /* cos(x).app */ = {isa = PBXFileReference; explicitFileType = wrapper.application; includeInIndex = 0; path = "cos(x).app"; sourceTree = BUILT_PRODUCTS_DIR; };
		D2AE0CBE259BDC2D008CD2A3 /* Info.plist */ = {isa = PBXFileReference; lastKnownFileType = text.plist.xml; path = Info.plist; sourceTree = "<group>"; };
		D2AE0CBF259BDC2D008CD2A3 /* macOS.entitlements */ = {isa = PBXFileReference; lastKnownFileType = text.plist.entitlements; path = macOS.entitlements; sourceTree = "<group>"; };
		D2AE0CC4259BDC2D008CD2A3 /* Tests iOS.xctest */ = {isa = PBXFileReference; explicitFileType = wrapper.cfbundle; includeInIndex = 0; path = "Tests iOS.xctest"; sourceTree = BUILT_PRODUCTS_DIR; };
		D2AE0CC8259BDC2D008CD2A3 /* Tests_iOS.swift */ = {isa = PBXFileReference; lastKnownFileType = sourcecode.swift; path = Tests_iOS.swift; sourceTree = "<group>"; };
		D2AE0CCA259BDC2D008CD2A3 /* Info.plist */ = {isa = PBXFileReference; lastKnownFileType = text.plist.xml; path = Info.plist; sourceTree = "<group>"; };
		D2AE0CCF259BDC2D008CD2A3 /* Tests macOS.xctest */ = {isa = PBXFileReference; explicitFileType = wrapper.cfbundle; includeInIndex = 0; path = "Tests macOS.xctest"; sourceTree = BUILT_PRODUCTS_DIR; };
		D2AE0CD3259BDC2D008CD2A3 /* Tests_macOS.swift */ = {isa = PBXFileReference; lastKnownFileType = sourcecode.swift; path = Tests_macOS.swift; sourceTree = "<group>"; };
		D2AE0CD5259BDC2D008CD2A3 /* Info.plist */ = {isa = PBXFileReference; lastKnownFileType = text.plist.xml; path = Info.plist; sourceTree = "<group>"; };
/* End PBXFileReference section */

/* Begin PBXFrameworksBuildPhase section */
		D2AE0CB1259BDC2D008CD2A3 /* Frameworks */ = {
			isa = PBXFrameworksBuildPhase;
			buildActionMask = 2147483647;
			files = (
			);
			runOnlyForDeploymentPostprocessing = 0;
		};
		D2AE0CB9259BDC2D008CD2A3 /* Frameworks */ = {
			isa = PBXFrameworksBuildPhase;
			buildActionMask = 2147483647;
			files = (
			);
			runOnlyForDeploymentPostprocessing = 0;
		};
		D2AE0CC1259BDC2D008CD2A3 /* Frameworks */ = {
			isa = PBXFrameworksBuildPhase;
			buildActionMask = 2147483647;
			files = (
			);
			runOnlyForDeploymentPostprocessing = 0;
		};
		D2AE0CCC259BDC2D008CD2A3 /* Frameworks */ = {
			isa = PBXFrameworksBuildPhase;
			buildActionMask = 2147483647;
			files = (
			);
			runOnlyForDeploymentPostprocessing = 0;
		};
/* End PBXFrameworksBuildPhase section */

/* Begin PBXGroup section */
		D2AE0CA7259BDC27008CD2A3 = {
			isa = PBXGroup;
			children = (
				D2AE0CAC259BDC27008CD2A3 /* Shared */,
				D2AE0CB6259BDC2D008CD2A3 /* iOS */,
				D2AE0CBD259BDC2D008CD2A3 /* macOS */,
				D2AE0CC7259BDC2D008CD2A3 /* Tests iOS */,
				D2AE0CD2259BDC2D008CD2A3 /* Tests macOS */,
				D2AE0CB5259BDC2D008CD2A3 /* Products */,
			);
			sourceTree = "<group>";
		};
		D2AE0CAC259BDC27008CD2A3 /* Shared */ = {
			isa = PBXGroup;
			children = (
				D2AE0CAD259BDC27008CD2A3 /* cos_x_App.swift */,
				D2AE0CAE259BDC27008CD2A3 /* ContentView.swift */,
				D2AE0CAF259BDC2D008CD2A3 /* Assets.xcassets */,
			);
			path = Shared;
			sourceTree = "<group>";
		};
		D2AE0CB5259BDC2D008CD2A3 /* Products */ = {
			isa = PBXGroup;
			children = (
				D2AE0CB4259BDC2D008CD2A3 /* cos(x).app */,
				D2AE0CBC259BDC2D008CD2A3 /* cos(x).app */,
				D2AE0CC4259BDC2D008CD2A3 /* Tests iOS.xctest */,
				D2AE0CCF259BDC2D008CD2A3 /* Tests macOS.xctest */,
			);
			name = Products;
			sourceTree = "<group>";
		};
		D2AE0CB6259BDC2D008CD2A3 /* iOS */ = {
			isa = PBXGroup;
			children = (
				D2AE0CB7259BDC2D008CD2A3 /* Info.plist */,
			);
			path = iOS;
			sourceTree = "<group>";
		};
		D2AE0CBD259BDC2D008CD2A3 /* macOS */ = {
			isa = PBXGroup;
			children = (
				D2AE0CBE259BDC2D008CD2A3 /* Info.plist */,
				D2AE0CBF259BDC2D008CD2A3 /* macOS.entitlements */,
			);
			path = macOS;
			sourceTree = "<group>";
		};
		D2AE0CC7259BDC2D008CD2A3 /* Tests iOS */ = {
			isa = PBXGroup;
			children = (
				D2AE0CC8259BDC2D008CD2A3 /* Tests_iOS.swift */,
				D2AE0CCA259BDC2D008CD2A3 /* Info.plist */,
			);
			path = "Tests iOS";
			sourceTree = "<group>";
		};
		D2AE0CD2259BDC2D008CD2A3 /* Tests macOS */ = {
			isa = PBXGroup;
			children = (
				D2AE0CD3259BDC2D008CD2A3 /* Tests_macOS.swift */,
				D2AE0CD5259BDC2D008CD2A3 /* Info.plist */,
			);
			path = "Tests macOS";
			sourceTree = "<group>";
		};
/* End PBXGroup section */

/* Begin PBXNativeTarget section */
		D2AE0CB3259BDC2D008CD2A3 /* cos(x) (iOS) */ = {
			isa = PBXNativeTarget;
			buildConfigurationList = D2AE0CDE259BDC2D008CD2A3 /* Build configuration list for PBXNativeTarget "cos(x) (iOS)" */;
			buildPhases = (
				D2AE0CB0259BDC2D008CD2A3 /* Sources */,
				D2AE0CB1259BDC2D008CD2A3 /* Frameworks */,
				D2AE0CB2259BDC2D008CD2A3 /* Resources */,
			);
			buildRules = (
			);
			dependencies = (
			);
			name = "cos(x) (iOS)";
			productName = "cos(x) (iOS)";
			productReference = D2AE0CB4259BDC2D008CD2A3 /* cos(x).app */;
			productType = "com.apple.product-type.application";
		};
		D2AE0CBB259BDC2D008CD2A3 /* cos(x) (macOS) */ = {
			isa = PBXNativeTarget;
			buildConfigurationList = D2AE0CE1259BDC2D008CD2A3 /* Build configuration list for PBXNativeTarget "cos(x) (macOS)" */;
			buildPhases = (
				D2AE0CB8259BDC2D008CD2A3 /* Sources */,
				D2AE0CB9259BDC2D008CD2A3 /* Frameworks */,
				D2AE0CBA259BDC2D008CD2A3 /* Resources */,
			);
			buildRules = (
			);
			dependencies = (
			);
			name = "cos(x) (macOS)";
			productName = "cos(x) (macOS)";
			productReference = D2AE0CBC259BDC2D008CD2A3 /* cos(x).app */;
			productType = "com.apple.product-type.application";
		};
		D2AE0CC3259BDC2D008CD2A3 /* Tests iOS */ = {
			isa = PBXNativeTarget;
			buildConfigurationList = D2AE0CE4259BDC2D008CD2A3 /* Build configuration list for PBXNativeTarget "Tests iOS" */;
			buildPhases = (
				D2AE0CC0259BDC2D008CD2A3 /* Sources */,
				D2AE0CC1259BDC2D008CD2A3 /* Frameworks */,
				D2AE0CC2259BDC2D008CD2A3 /* Resources */,
			);
			buildRules = (
			);
			dependencies = (
				D2AE0CC6259BDC2D008CD2A3 /* PBXTargetDependency */,
			);
			name = "Tests iOS";
			productName = "Tests iOS";
			productReference = D2AE0CC4259BDC2D008CD2A3 /* Tests iOS.xctest */;
			productType = "com.apple.product-type.bundle.ui-testing";
		};
		D2AE0CCE259BDC2D008CD2A3 /* Tests macOS */ = {
			isa = PBXNativeTarget;
			buildConfigurationList = D2AE0CE7259BDC2D008CD2A3 /* Build configuration list for PBXNativeTarget "Tests macOS" */;
			buildPhases = (
				D2AE0CCB259BDC2D008CD2A3 /* Sources */,
				D2AE0CCC259BDC2D008CD2A3 /* Frameworks */,
				D2AE0CCD259BDC2D008CD2A3 /* Resources */,
			);
			buildRules = (
			);
			dependencies = (
				D2AE0CD1259BDC2D008CD2A3 /* PBXTargetDependency */,
			);
			name = "Tests macOS";
			productName = "Tests macOS";
			productReference = D2AE0CCF259BDC2D008CD2A3 /* Tests macOS.xctest */;
			productType = "com.apple.product-type.bundle.ui-testing";
		};
/* End PBXNativeTarget section */

/* Begin PBXProject section */
		D2AE0CA8259BDC27008CD2A3 /* Project object */ = {
			isa = PBXProject;
			attributes = {
				LastSwiftUpdateCheck = 1220;
				LastUpgradeCheck = 1220;
				TargetAttributes = {
					D2AE0CB3259BDC2D008CD2A3 = {
						CreatedOnToolsVersion = 12.2;
					};
					D2AE0CBB259BDC2D008CD2A3 = {
						CreatedOnToolsVersion = 12.2;
					};
					D2AE0CC3259BDC2D008CD2A3 = {
						CreatedOnToolsVersion = 12.2;
						TestTargetID = D2AE0CB3259BDC2D008CD2A3;
					};
					D2AE0CCE259BDC2D008CD2A3 = {
						CreatedOnToolsVersion = 12.2;
						TestTargetID = D2AE0CBB259BDC2D008CD2A3;
					};
				};
			};
			buildConfigurationList = D2AE0CAB259BDC27008CD2A3 /* Build configuration list for PBXProject "cos(x)" */;
			compatibilityVersion = "Xcode 9.3";
			developmentRegion = en;
			hasScannedForEncodings = 0;
			knownRegions = (
				en,
				Base,
			);
			mainGroup = D2AE0CA7259BDC27008CD2A3;
			productRefGroup = D2AE0CB5259BDC2D008CD2A3 /* Products */;
			projectDirPath = "";
			projectRoot = "";
			targets = (
				D2AE0CB3259BDC2D008CD2A3 /* cos(x) (iOS) */,
				D2AE0CBB259BDC2D008CD2A3 /* cos(x) (macOS) */,
				D2AE0CC3259BDC2D008CD2A3 /* Tests iOS */,
				D2AE0CCE259BDC2D008CD2A3 /* Tests macOS */,
			);
		};
/* End PBXProject section */

/* Begin PBXResourcesBuildPhase section */
		D2AE0CB2259BDC2D008CD2A3 /* Resources */ = {
			isa = PBXResourcesBuildPhase;
			buildActionMask = 2147483647;
			files = (
				D2AE0CDA259BDC2D008CD2A3 /* Assets.xcassets in Resources */,
			);
			runOnlyForDeploymentPostprocessing = 0;
		};
		D2AE0CBA259BDC2D008CD2A3 /* Resources */ = {
			isa = PBXResourcesBuildPhase;
			buildActionMask = 2147483647;
			files = (
				D2AE0CDB259BDC2D008CD2A3 /* Assets.xcassets in Resources */,
			);
			runOnlyForDeploymentPostprocessing = 0;
		};
		D2AE0CC2259BDC2D008CD2A3 /* Resources */ = {
			isa = PBXResourcesBuildPhase;
			buildActionMask = 2147483647;
			files = (
			);
			runOnlyForDeploymentPostprocessing = 0;
		};
		D2AE0CCD259BDC2D008CD2A3 /* Resources */ = {
			isa = PBXResourcesBuildPhase;
			buildActionMask = 2147483647;
			files = (
			);
			runOnlyForDeploymentPostprocessing = 0;
		};
/* End PBXResourcesBuildPhase section */

/* Begin PBXSourcesBuildPhase section */
		D2AE0CB0259BDC2D008CD2A3 /* Sources */ = {
			isa = PBXSourcesBuildPhase;
			buildActionMask = 2147483647;
			files = (
				D2AE0CD8259BDC2D008CD2A3 /* ContentView.swift in Sources */,
				D2AE0CD6259BDC2D008CD2A3 /* cos_x_App.swift in Sources */,
			);
			runOnlyForDeploymentPostprocessing = 0;
		};
		D2AE0CB8259BDC2D008CD2A3 /* Sources */ = {
			isa = PBXSourcesBuildPhase;
			buildActionMask = 2147483647;
			files = (
				D2AE0CD9259BDC2D008CD2A3 /* ContentView.swift in Sources */,
				D2AE0CD7259BDC2D008CD2A3 /* cos_x_App.swift in Sources */,
			);
			runOnlyForDeploymentPostprocessing = 0;
		};
		D2AE0CC0259BDC2D008CD2A3 /* Sources */ = {
			isa = PBXSourcesBuildPhase;
			buildActionMask = 2147483647;
			files = (
				D2AE0CC9259BDC2D008CD2A3 /* Tests_iOS.swift in Sources */,
			);
			runOnlyForDeploymentPostprocessing = 0;
		};
		D2AE0CCB259BDC2D008CD2A3 /* Sources */ = {
			isa = PBXSourcesBuildPhase;
			buildActionMask = 2147483647;
			files = (
				D2AE0CD4259BDC2D008CD2A3 /* Tests_macOS.swift in Sources */,
			);
			runOnlyForDeploymentPostprocessing = 0;
		};
/* End PBXSourcesBuildPhase section */

/* Begin PBXTargetDependency section */
		D2AE0CC6259BDC2D008CD2A3 /* PBXTargetDependency */ = {
			isa = PBXTargetDependency;
			target = D2AE0CB3259BDC2D008CD2A3 /* cos(x) (iOS) */;
			targetProxy = D2AE0CC5259BDC2D008CD2A3 /* PBXContainerItemProxy */;
		};
		D2AE0CD1259BDC2D008CD2A3 /* PBXTargetDependency */ = {
			isa = PBXTargetDependency;
			target = D2AE0CBB259BDC2D008CD2A3 /* cos(x) (macOS) */;
			targetProxy = D2AE0CD0259BDC2D008CD2A3 /* PBXContainerItemProxy */;
		};
/* End PBXTargetDependency section */

/* Begin XCBuildConfiguration section */
		D2AE0CDC259BDC2D008CD2A3 /* Debug */ = {
			isa = XCBuildConfiguration;
			buildSettings = {
				ALWAYS_SEARCH_USER_PATHS = NO;
				CLANG_ANALYZER_NONNULL = YES;
				CLANG_ANALYZER_NUMBER_OBJECT_CONVERSION = YES_AGGRESSIVE;
				CLANG_CXX_LANGUAGE_STANDARD = "gnu++14";
				CLANG_CXX_LIBRARY = "libc++";
				CLANG_ENABLE_MODULES = YES;
				CLANG_ENABLE_OBJC_ARC = YES;
				CLANG_ENABLE_OBJC_WEAK = YES;
				CLANG_WARN_BLOCK_CAPTURE_AUTORELEASING = YES;
				CLANG_WARN_BOOL_CONVERSION = YES;
				CLANG_WARN_COMMA = YES;
				CLANG_WARN_CONSTANT_CONVERSION = YES;
				CLANG_WARN_DEPRECATED_OBJC_IMPLEMENTATIONS = YES;
				CLANG_WARN_DIRECT_OBJC_ISA_USAGE = YES_ERROR;
				CLANG_WARN_DOCUMENTATION_COMMENTS = YES;
				CLANG_WARN_EMPTY_BODY = YES;
				CLANG_WARN_ENUM_CONVERSION = YES;
				CLANG_WARN_INFINITE_RECURSION = YES;
				CLANG_WARN_INT_CONVERSION = YES;
				CLANG_WARN_NON_LITERAL_NULL_CONVERSION = YES;
				CLANG_WARN_OBJC_IMPLICIT_RETAIN_SELF = YES;
				CLANG_WARN_OBJC_LITERAL_CONVERSION = YES;
				CLANG_WARN_OBJC_ROOT_CLASS = YES_ERROR;
				CLANG_WARN_QUOTED_INCLUDE_IN_FRAMEWORK_HEADER = YES;
				CLANG_WARN_RANGE_LOOP_ANALYSIS = YES;
				CLANG_WARN_STRICT_PROTOTYPES = YES;
				CLANG_WARN_SUSPICIOUS_MOVE = YES;
				CLANG_WARN_UNGUARDED_AVAILABILITY = YES_AGGRESSIVE;
				CLANG_WARN_UNREACHABLE_CODE = YES;
				CLANG_WARN__DUPLICATE_METHOD_MATCH = YES;
				COPY_PHASE_STRIP = NO;
				DEBUG_INFORMATION_FORMAT = dwarf;
				ENABLE_STRICT_OBJC_MSGSEND = YES;
				ENABLE_TESTABILITY = YES;
				GCC_C_LANGUAGE_STANDARD = gnu11;
				GCC_DYNAMIC_NO_PIC = NO;
				GCC_NO_COMMON_BLOCKS = YES;
				GCC_OPTIMIZATION_LEVEL = 0;
				GCC_PREPROCESSOR_DEFINITIONS = (
					"DEBUG=1",
					"$(inherited)",
				);
				GCC_WARN_64_TO_32_BIT_CONVERSION = YES;
				GCC_WARN_ABOUT_RETURN_TYPE = YES_ERROR;
				GCC_WARN_UNDECLARED_SELECTOR = YES;
				GCC_WARN_UNINITIALIZED_AUTOS = YES_AGGRESSIVE;
				GCC_WARN_UNUSED_FUNCTION = YES;
				GCC_WARN_UNUSED_VARIABLE = YES;
				MTL_ENABLE_DEBUG_INFO = INCLUDE_SOURCE;
				MTL_FAST_MATH = YES;
				ONLY_ACTIVE_ARCH = YES;
				SWIFT_ACTIVE_COMPILATION_CONDITIONS = DEBUG;
				SWIFT_OPTIMIZATION_LEVEL = "-Onone";
			};
			name = Debug;
		};
		D2AE0CDD259BDC2D008CD2A3 /* Release */ = {
			isa = XCBuildConfiguration;
			buildSettings = {
				ALWAYS_SEARCH_USER_PATHS = NO;
				CLANG_ANALYZER_NONNULL = YES;
				CLANG_ANALYZER_NUMBER_OBJECT_CONVERSION = YES_AGGRESSIVE;
				CLANG_CXX_LANGUAGE_STANDARD = "gnu++14";
				CLANG_CXX_LIBRARY = "libc++";
				CLANG_ENABLE_MODULES = YES;
				CLANG_ENABLE_OBJC_ARC = YES;
				CLANG_ENABLE_OBJC_WEAK = YES;
				CLANG_WARN_BLOCK_CAPTURE_AUTORELEASING = YES;
				CLANG_WARN_BOOL_CONVERSION = YES;
				CLANG_WARN_COMMA = YES;
				CLANG_WARN_CONSTANT_CONVERSION = YES;
				CLANG_WARN_DEPRECATED_OBJC_IMPLEMENTATIONS = YES;
				CLANG_WARN_DIRECT_OBJC_ISA_USAGE = YES_ERROR;
				CLANG_WARN_DOCUMENTATION_COMMENTS = YES;
				CLANG_WARN_EMPTY_BODY = YES;
				CLANG_WARN_ENUM_CONVERSION = YES;
				CLANG_WARN_INFINITE_RECURSION = YES;
				CLANG_WARN_INT_CONVERSION = YES;
				CLANG_WARN_NON_LITERAL_NULL_CONVERSION = YES;
				CLANG_WARN_OBJC_IMPLICIT_RETAIN_SELF = YES;
				CLANG_WARN_OBJC_LITERAL_CONVERSION = YES;
				CLANG_WARN_OBJC_ROOT_CLASS = YES_ERROR;
				CLANG_WARN_QUOTED_INCLUDE_IN_FRAMEWORK_HEADER = YES;
				CLANG_WARN_RANGE_LOOP_ANALYSIS = YES;
				CLANG_WARN_STRICT_PROTOTYPES = YES;
				CLANG_WARN_SUSPICIOUS_MOVE = YES;
				CLANG_WARN_UNGUARDED_AVAILABILITY = YES_AGGRESSIVE;
				CLANG_WARN_UNREACHABLE_CODE = YES;
				CLANG_WARN__DUPLICATE_METHOD_MATCH = YES;
				COPY_PHASE_STRIP = NO;
				DEBUG_INFORMATION_FORMAT = "dwarf-with-dsym";
				ENABLE_NS_ASSERTIONS = NO;
				ENABLE_STRICT_OBJC_MSGSEND = YES;
				GCC_C_LANGUAGE_STANDARD = gnu11;
				GCC_NO_COMMON_BLOCKS = YES;
				GCC_WARN_64_TO_32_BIT_CONVERSION = YES;
				GCC_WARN_ABOUT_RETURN_TYPE = YES_ERROR;
				GCC_WARN_UNDECLARED_SELECTOR = YES;
				GCC_WARN_UNINITIALIZED_AUTOS = YES_AGGRESSIVE;
				GCC_WARN_UNUSED_FUNCTION = YES;
				GCC_WARN_UNUSED_VARIABLE = YES;
				MTL_ENABLE_DEBUG_INFO = NO;
				MTL_FAST_MATH = YES;
				SWIFT_COMPILATION_MODE = wholemodule;
				SWIFT_OPTIMIZATION_LEVEL = "-O";
			};
			name = Release;
		};
		D2AE0CDF259BDC2D008CD2A3 /* Debug */ = {
			isa = XCBuildConfiguration;
			buildSettings = {
				ASSETCATALOG_COMPILER_APPICON_NAME = AppIcon;
				ASSETCATALOG_COMPILER_GLOBAL_ACCENT_COLOR_NAME = AccentColor;
				CODE_SIGN_STYLE = Automatic;
				DEVELOPMENT_TEAM = V59RVGUYZD;
				ENABLE_PREVIEWS = YES;
				INFOPLIST_FILE = iOS/Info.plist;
				IPHONEOS_DEPLOYMENT_TARGET = 14.0;
				LD_RUNPATH_SEARCH_PATHS = (
					"$(inherited)",
					"@executable_path/Frameworks",
				);
				PRODUCT_BUNDLE_IDENTIFIER = "com.jiiit.cos-x-";
				PRODUCT_NAME = "cos(x)";
				SDKROOT = iphoneos;
				SWIFT_VERSION = 5.0;
				TARGETED_DEVICE_FAMILY = "1,2";
			};
			name = Debug;
		};
		D2AE0CE0259BDC2D008CD2A3 /* Release */ = {
			isa = XCBuildConfiguration;
			buildSettings = {
				ASSETCATALOG_COMPILER_APPICON_NAME = AppIcon;
				ASSETCATALOG_COMPILER_GLOBAL_ACCENT_COLOR_NAME = AccentColor;
				CODE_SIGN_STYLE = Automatic;
				DEVELOPMENT_TEAM = V59RVGUYZD;
				ENABLE_PREVIEWS = YES;
				INFOPLIST_FILE = iOS/Info.plist;
				IPHONEOS_DEPLOYMENT_TARGET = 14.0;
				LD_RUNPATH_SEARCH_PATHS = (
					"$(inherited)",
					"@executable_path/Frameworks",
				);
				PRODUCT_BUNDLE_IDENTIFIER = "com.jiiit.cos-x-";
				PRODUCT_NAME = "cos(x)";
				SDKROOT = iphoneos;
				SWIFT_VERSION = 5.0;
				TARGETED_DEVICE_FAMILY = "1,2";
				VALIDATE_PRODUCT = YES;
			};
			name = Release;
		};
		D2AE0CE2259BDC2D008CD2A3 /* Debug */ = {
			isa = XCBuildConfiguration;
			buildSettings = {
				ASSETCATALOG_COMPILER_APPICON_NAME = AppIcon;
				ASSETCATALOG_COMPILER_GLOBAL_ACCENT_COLOR_NAME = AccentColor;
				CODE_SIGN_ENTITLEMENTS = macOS/macOS.entitlements;
				CODE_SIGN_STYLE = Automatic;
				COMBINE_HIDPI_IMAGES = YES;
				DEVELOPMENT_TEAM = V59RVGUYZD;
				ENABLE_HARDENED_RUNTIME = YES;
				ENABLE_PREVIEWS = YES;
				INFOPLIST_FILE = macOS/Info.plist;
				LD_RUNPATH_SEARCH_PATHS = (
					"$(inherited)",
					"@executable_path/../Frameworks",
				);
				MACOSX_DEPLOYMENT_TARGET = 11.0;
				PRODUCT_BUNDLE_IDENTIFIER = "com.jiiit.cos-x-";
				PRODUCT_NAME = "cos(x)";
				SDKROOT = macosx;
				SWIFT_VERSION = 5.0;
			};
			name = Debug;
		};
		D2AE0CE3259BDC2D008CD2A3 /* Release */ = {
			isa = XCBuildConfiguration;
			buildSettings = {
				ASSETCATALOG_COMPILER_APPICON_NAME = AppIcon;
				ASSETCATALOG_COMPILER_GLOBAL_ACCENT_COLOR_NAME = AccentColor;
				CODE_SIGN_ENTITLEMENTS = macOS/macOS.entitlements;
				CODE_SIGN_STYLE = Automatic;
				COMBINE_HIDPI_IMAGES = YES;
				DEVELOPMENT_TEAM = V59RVGUYZD;
				ENABLE_HARDENED_RUNTIME = YES;
				ENABLE_PREVIEWS = YES;
				INFOPLIST_FILE = macOS/Info.plist;
				LD_RUNPATH_SEARCH_PATHS = (
					"$(inherited)",
					"@executable_path/../Frameworks",
				);
				MACOSX_DEPLOYMENT_TARGET = 11.0;
				PRODUCT_BUNDLE_IDENTIFIER = "com.jiiit.cos-x-";
				PRODUCT_NAME = "cos(x)";
				SDKROOT = macosx;
				SWIFT_VERSION = 5.0;
			};
			name = Release;
		};
		D2AE0CE5259BDC2D008CD2A3 /* Debug */ = {
			isa = XCBuildConfiguration;
			buildSettings = {
				ALWAYS_EMBED_SWIFT_STANDARD_LIBRARIES = YES;
				CODE_SIGN_STYLE = Automatic;
				DEVELOPMENT_TEAM = V59RVGUYZD;
				INFOPLIST_FILE = "Tests iOS/Info.plist";
				IPHONEOS_DEPLOYMENT_TARGET = 14.2;
				LD_RUNPATH_SEARCH_PATHS = (
					"$(inherited)",
					"@executable_path/Frameworks",
					"@loader_path/Frameworks",
				);
				PRODUCT_BUNDLE_IDENTIFIER = "com.jiiit.Tests-iOS";
				PRODUCT_NAME = "$(TARGET_NAME)";
				SDKROOT = iphoneos;
				SWIFT_VERSION = 5.0;
				TARGETED_DEVICE_FAMILY = "1,2";
				TEST_TARGET_NAME = "cos(x) (iOS)";
			};
			name = Debug;
		};
		D2AE0CE6259BDC2D008CD2A3 /* Release */ = {
			isa = XCBuildConfiguration;
			buildSettings = {
				ALWAYS_EMBED_SWIFT_STANDARD_LIBRARIES = YES;
				CODE_SIGN_STYLE = Automatic;
				DEVELOPMENT_TEAM = V59RVGUYZD;
				INFOPLIST_FILE = "Tests iOS/Info.plist";
				IPHONEOS_DEPLOYMENT_TARGET = 14.2;
				LD_RUNPATH_SEARCH_PATHS = (
					"$(inherited)",
					"@executable_path/Frameworks",
					"@loader_path/Frameworks",
				);
				PRODUCT_BUNDLE_IDENTIFIER = "com.jiiit.Tests-iOS";
				PRODUCT_NAME = "$(TARGET_NAME)";
				SDKROOT = iphoneos;
				SWIFT_VERSION = 5.0;
				TARGETED_DEVICE_FAMILY = "1,2";
				TEST_TARGET_NAME = "cos(x) (iOS)";
				VALIDATE_PRODUCT = YES;
			};
			name = Release;
		};
		D2AE0CE8259BDC2D008CD2A3 /* Debug */ = {
			isa = XCBuildConfiguration;
			buildSettings = {
				ALWAYS_EMBED_SWIFT_STANDARD_LIBRARIES = YES;
				CODE_SIGN_STYLE = Automatic;
				COMBINE_HIDPI_IMAGES = YES;
				DEVELOPMENT_TEAM = V59RVGUYZD;
				INFOPLIST_FILE = "Tests macOS/Info.plist";
				LD_RUNPATH_SEARCH_PATHS = (
					"$(inherited)",
					"@executable_path/../Frameworks",
					"@loader_path/../Frameworks",
				);
				MACOSX_DEPLOYMENT_TARGET = 11.0;
				PRODUCT_BUNDLE_IDENTIFIER = "com.jiiit.Tests-macOS";
				PRODUCT_NAME = "$(TARGET_NAME)";
				SDKROOT = macosx;
				SWIFT_VERSION = 5.0;
				TEST_TARGET_NAME = "cos(x) (macOS)";
			};
			name = Debug;
		};
		D2AE0CE9259BDC2D008CD2A3 /* Release */ = {
			isa = XCBuildConfiguration;
			buildSettings = {
				ALWAYS_EMBED_SWIFT_STANDARD_LIBRARIES = YES;
				CODE_SIGN_STYLE = Automatic;
				COMBINE_HIDPI_IMAGES = YES;
				DEVELOPMENT_TEAM = V59RVGUYZD;
				INFOPLIST_FILE = "Tests macOS/Info.plist";
				LD_RUNPATH_SEARCH_PATHS = (
					"$(inherited)",
					"@executable_path/../Frameworks",
					"@loader_path/../Frameworks",
				);
				MACOSX_DEPLOYMENT_TARGET = 11.0;
				PRODUCT_BUNDLE_IDENTIFIER = "com.jiiit.Tests-macOS";
				PRODUCT_NAME = "$(TARGET_NAME)";
				SDKROOT = macosx;
				SWIFT_VERSION = 5.0;
				TEST_TARGET_NAME = "cos(x) (macOS)";
			};
			name = Release;
		};
/* End XCBuildConfiguration section */

/* Begin XCConfigurationList section */
		D2AE0CAB259BDC27008CD2A3 /* Build configuration list for PBXProject "cos(x)" */ = {
			isa = XCConfigurationList;
			buildConfigurations = (
				D2AE0CDC259BDC2D008CD2A3 /* Debug */,
				D2AE0CDD259BDC2D008CD2A3 /* Release */,
			);
			defaultConfigurationIsVisible = 0;
			defaultConfigurationName = Release;
		};
		D2AE0CDE259BDC2D008CD2A3 /* Build configuration list for PBXNativeTarget "cos(x) (iOS)" */ = {
			isa = XCConfigurationList;
			buildConfigurations = (
				D2AE0CDF259BDC2D008CD2A3 /* Debug */,
				D2AE0CE0259BDC2D008CD2A3 /* Release */,
			);
			defaultConfigurationIsVisible = 0;
			defaultConfigurationName = Release;
		};
		D2AE0CE1259BDC2D008CD2A3 /* Build configuration list for PBXNativeTarget "cos(x) (macOS)" */ = {
			isa = XCConfigurationList;
			buildConfigurations = (
				D2AE0CE2259BDC2D008CD2A3 /* Debug */,
				D2AE0CE3259BDC2D008CD2A3 /* Release */,
			);
			defaultConfigurationIsVisible = 0;
			defaultConfigurationName = Release;
		};
		D2AE0CE4259BDC2D008CD2A3 /* Build configuration list for PBXNativeTarget "Tests iOS" */ = {
			isa = XCConfigurationList;
			buildConfigurations = (
				D2AE0CE5259BDC2D008CD2A3 /* Debug */,
				D2AE0CE6259BDC2D008CD2A3 /* Release */,
			);
			defaultConfigurationIsVisible = 0;
			defaultConfigurationName = Release;
		};
		D2AE0CE7259BDC2D008CD2A3 /* Build configuration list for PBXNativeTarget "Tests macOS" */ = {
			isa = XCConfigurationList;
			buildConfigurations = (
				D2AE0CE8259BDC2D008CD2A3 /* Debug */,
				D2AE0CE9259BDC2D008CD2A3 /* Release */,
			);
			defaultConfigurationIsVisible = 0;
			defaultConfigurationName = Release;
		};
/* End XCConfigurationList section */
	};
	rootObject = D2AE0CA8259BDC27008CD2A3 /* Project object */;
}
